
Microsoft Visual Studio Solution File, Format Version 12.00
# Visual Studio Version 16
VisualStudioVersion = 16.0.30517.126
MinimumVisualStudioVersion = 10.0.40219.1
Project("{FAE04EC0-301F-11D3-BF4B-00C04F79EFBC}") = "EmployeeWage", "EmployeeWage\EmployeeWage.csproj", "{305CA5D7-D7F0-4EB8-8FA5-BF3C2BA66956}"
EndProject
Global
	GlobalSection(SolutionConfigurationPlatforms) = preSolution
		Debug|Any CPU = Debug|Any CPU
		Release|Any CPU = Release|Any CPU
	EndGlobalSection
	GlobalSection(ProjectConfigurationPlatforms) = postSolution
		{305CA5D7-D7F0-4EB8-8FA5-BF3C2BA66956}.Debug|Any CPU.ActiveCfg = Debug|Any CPU
		{305CA5D7-D7F0-4EB8-8FA5-BF3C2BA66956}.Debug|Any CPU.Build.0 = Debug|Any CPU
		{305CA5D7-D7F0-4EB8-8FA5-BF3C2BA66956}.Release|Any CPU.ActiveCfg = Release|Any CPU
		{305CA5D7-D7F0-4EB8-8FA5-BF3C2BA66956}.Release|Any CPU.Build.0 = Release|Any CPU
	EndGlobalSection
	GlobalSection(SolutionProperties) = preSolution
		HideSolutionNode = FALSE
	EndGlobalSection
	GlobalSection(ExtensibilityGlobals) = postSolution
		SolutionGuid = {D021766E-2655-4241-A4B9-1330DFEE242F}
	EndGlobalSection
EndGlobal
